{
  "requires": true,
  "lockfileVersion": 1,
  "dependencies": {
    "atob": {
      "version": "file:https:/registry.npm.taobao.org/atob/download/atob-2.1.2.tgz"
    },
    "decode-uri-component": {
      "version": "file:https:/registry.npm.taobao.org/decode-uri-component/download/decode-uri-component-0.2.0.tgz"
    },
    "images": {
      "version": "3.2.3",
      "resolved": "https://registry.nlark.com/images/download/images-3.2.3.tgz",
      "integrity": "sha1-joZCHfFj2bOmDuTR3HzYIF8tK9c="
    }
  }
}
